
Microsoft Visual Studio Solution File, Format Version 12.00
# Visual Studio 15
VisualStudioVersion = 15.0.27428.2015
MinimumVisualStudioVersion = 10.0.40219.1
Project("{FAE04EC0-301F-11D3-BF4B-00C04F79EFBC}") = "StampCard.Android", "StampCard\StampCard.Android\StampCard.Android.csproj", "{35984932-CF9B-47EC-9FFD-4DE936178851}"
EndProject
Project("{FAE04EC0-301F-11D3-BF4B-00C04F79EFBC}") = "StampCard.iOS", "StampCard\StampCard.iOS\StampCard.iOS.csproj", "{6F6692B6-391E-472D-8169-2DA8A4219FDD}"
EndProject
Project("{FAE04EC0-301F-11D3-BF4B-00C04F79EFBC}") = "StampCard", "StampCard\StampCard\StampCard.csproj", "{5B71BAA4-3458-4BE7-9C6B-B115FDBF1024}"
EndProject
Global
	GlobalSection(SolutionConfigurationPlatforms) = preSolution
		Ad-Hoc|Any CPU = Ad-Hoc|Any CPU
		Ad-Hoc|iPhone = Ad-Hoc|iPhone
		Ad-Hoc|iPhoneSimulator = Ad-Hoc|iPhoneSimulator
		AppStore|Any CPU = AppStore|Any CPU
		AppStore|iPhone = AppStore|iPhone
		AppStore|iPhoneSimulator = AppStore|iPhoneSimulator
		Debug|Any CPU = Debug|Any CPU
		Debug|iPhone = Debug|iPhone
		Debug|iPhoneSimulator = Debug|iPhoneSimulator
		Release|Any CPU = Release|Any CPU
		Release|iPhone = Release|iPhone
		Release|iPhoneSimulator = Release|iPhoneSimulator
	EndGlobalSection
	GlobalSection(ProjectConfigurationPlatforms) = postSolution
		{35984932-CF9B-47EC-9FFD-4DE936178851}.Ad-Hoc|Any CPU.ActiveCfg = Release|Any CPU
		{35984932-CF9B-47EC-9FFD-4DE936178851}.Ad-Hoc|Any CPU.Build.0 = Release|Any CPU
		{35984932-CF9B-47EC-9FFD-4DE936178851}.Ad-Hoc|Any CPU.Deploy.0 = Release|Any CPU
		{35984932-CF9B-47EC-9FFD-4DE936178851}.Ad-Hoc|iPhone.ActiveCfg = Release|Any CPU
		{35984932-CF9B-47EC-9FFD-4DE936178851}.Ad-Hoc|iPhone.Build.0 = Release|Any CPU
		{35984932-CF9B-47EC-9FFD-4DE936178851}.Ad-Hoc|iPhone.Deploy.0 = Release|Any CPU
		{35984932-CF9B-47EC-9FFD-4DE936178851}.Ad-Hoc|iPhoneSimulator.ActiveCfg = Release|Any CPU
		{35984932-CF9B-47EC-9FFD-4DE936178851}.Ad-Hoc|iPhoneSimulator.Build.0 = Release|Any CPU
		{35984932-CF9B-47EC-9FFD-4DE936178851}.Ad-Hoc|iPhoneSimulator.Deploy.0 = Release|Any CPU
		{35984932-CF9B-47EC-9FFD-4DE936178851}.AppStore|Any CPU.ActiveCfg = Release|Any CPU
		{35984932-CF9B-47EC-9FFD-4DE936178851}.AppStore|Any CPU.Build.0 = Release|Any CPU
		{35984932-CF9B-47EC-9FFD-4DE936178851}.AppStore|Any CPU.Deploy.0 = Release|Any CPU
		{35984932-CF9B-47EC-9FFD-4DE936178851}.AppStore|iPhone.ActiveCfg = Release|Any CPU
		{35984932-CF9B-47EC-9FFD-4DE936178851}.AppStore|iPhone.Build.0 = Release|Any CPU
		{35984932-CF9B-47EC-9FFD-4DE936178851}.AppStore|iPhone.Deploy.0 = Release|Any CPU
		{35984932-CF9B-47EC-9FFD-4DE936178851}.AppStore|iPhoneSimulator.ActiveCfg = Release|Any CPU
		{35984932-CF9B-47EC-9FFD-4DE936178851}.AppStore|iPhoneSimulator.Build.0 = Release|Any CPU
		{35984932-CF9B-47EC-9FFD-4DE936178851}.AppStore|iPhoneSimulator.Deploy.0 = Release|Any CPU
		{35984932-CF9B-47EC-9FFD-4DE936178851}.Debug|Any CPU.ActiveCfg = Debug|Any CPU
		{35984932-CF9B-47EC-9FFD-4DE936178851}.Debug|Any CPU.Build.0 = Debug|Any CPU
		{35984932-CF9B-47EC-9FFD-4DE936178851}.Debug|Any CPU.Deploy.0 = Debug|Any CPU
		{35984932-CF9B-47EC-9FFD-4DE936178851}.Debug|iPhone.ActiveCfg = Debug|Any CPU
		{35984932-CF9B-47EC-9FFD-4DE936178851}.Debug|iPhone.Build.0 = Debug|Any CPU
		{35984932-CF9B-47EC-9FFD-4DE936178851}.Debug|iPhone.Deploy.0 = Debug|Any CPU
		{35984932-CF9B-47EC-9FFD-4DE936178851}.Debug|iPhoneSimulator.ActiveCfg = Debug|Any CPU
		{35984932-CF9B-47EC-9FFD-4DE936178851}.Debug|iPhoneSimulator.Build.0 = Debug|Any CPU
		{35984932-CF9B-47EC-9FFD-4DE936178851}.Debug|iPhoneSimulator.Deploy.0 = Debug|Any CPU
		{35984932-CF9B-47EC-9FFD-4DE936178851}.Release|Any CPU.ActiveCfg = Release|Any CPU
		{35984932-CF9B-47EC-9FFD-4DE936178851}.Release|Any CPU.Build.0 = Release|Any CPU
		{35984932-CF9B-47EC-9FFD-4DE936178851}.Release|Any CPU.Deploy.0 = Release|Any CPU
		{35984932-CF9B-47EC-9FFD-4DE936178851}.Release|iPhone.ActiveCfg = Release|Any CPU
		{35984932-CF9B-47EC-9FFD-4DE936178851}.Release|iPhone.Build.0 = Release|Any CPU
		{35984932-CF9B-47EC-9FFD-4DE936178851}.Release|iPhone.Deploy.0 = Release|Any CPU
		{35984932-CF9B-47EC-9FFD-4DE936178851}.Release|iPhoneSimulator.ActiveCfg = Release|Any CPU
		{35984932-CF9B-47EC-9FFD-4DE936178851}.Release|iPhoneSimulator.Build.0 = Release|Any CPU
		{35984932-CF9B-47EC-9FFD-4DE936178851}.Release|iPhoneSimulator.Deploy.0 = Release|Any CPU
		{6F6692B6-391E-472D-8169-2DA8A4219FDD}.Ad-Hoc|Any CPU.ActiveCfg = Ad-Hoc|iPhone
		{6F6692B6-391E-472D-8169-2DA8A4219FDD}.Ad-Hoc|iPhone.ActiveCfg = Ad-Hoc|iPhone
		{6F6692B6-391E-472D-8169-2DA8A4219FDD}.Ad-Hoc|iPhone.Build.0 = Ad-Hoc|iPhone
		{6F6692B6-391E-472D-8169-2DA8A4219FDD}.Ad-Hoc|iPhoneSimulator.ActiveCfg = Ad-Hoc|iPhoneSimulator
		{6F6692B6-391E-472D-8169-2DA8A4219FDD}.Ad-Hoc|iPhoneSimulator.Build.0 = Ad-Hoc|iPhoneSimulator
		{6F6692B6-391E-472D-8169-2DA8A4219FDD}.AppStore|Any CPU.ActiveCfg = AppStore|iPhone
		{6F6692B6-391E-472D-8169-2DA8A4219FDD}.AppStore|iPhone.ActiveCfg = AppStore|iPhone
		{6F6692B6-391E-472D-8169-2DA8A4219FDD}.AppStore|iPhone.Build.0 = AppStore|iPhone
		{6F6692B6-391E-472D-8169-2DA8A4219FDD}.AppStore|iPhoneSimulator.ActiveCfg = AppStore|iPhoneSimulator
		{6F6692B6-391E-472D-8169-2DA8A4219FDD}.AppStore|iPhoneSimulator.Build.0 = AppStore|iPhoneSimulator
		{6F6692B6-391E-472D-8169-2DA8A4219FDD}.Debug|Any CPU.ActiveCfg = Debug|iPhone
		{6F6692B6-391E-472D-8169-2DA8A4219FDD}.Debug|iPhone.ActiveCfg = Debug|iPhone
		{6F6692B6-391E-472D-8169-2DA8A4219FDD}.Debug|iPhone.Build.0 = Debug|iPhone
		{6F6692B6-391E-472D-8169-2DA8A4219FDD}.Debug|iPhoneSimulator.ActiveCfg = Debug|iPhoneSimulator
		{6F6692B6-391E-472D-8169-2DA8A4219FDD}.Debug|iPhoneSimulator.Build.0 = Debug|iPhoneSimulator
		{6F6692B6-391E-472D-8169-2DA8A4219FDD}.Release|Any CPU.ActiveCfg = Release|iPhone
		{6F6692B6-391E-472D-8169-2DA8A4219FDD}.Release|iPhone.ActiveCfg = Release|iPhone
		{6F6692B6-391E-472D-8169-2DA8A4219FDD}.Release|iPhone.Build.0 = Release|iPhone
		{6F6692B6-391E-472D-8169-2DA8A4219FDD}.Release|iPhoneSimulator.ActiveCfg = Release|iPhoneSimulator
		{6F6692B6-391E-472D-8169-2DA8A4219FDD}.Release|iPhoneSimulator.Build.0 = Release|iPhoneSimulator
		{5B71BAA4-3458-4BE7-9C6B-B115FDBF1024}.Ad-Hoc|Any CPU.ActiveCfg = Debug|Any CPU
		{5B71BAA4-3458-4BE7-9C6B-B115FDBF1024}.Ad-Hoc|Any CPU.Build.0 = Debug|Any CPU
		{5B71BAA4-3458-4BE7-9C6B-B115FDBF1024}.Ad-Hoc|iPhone.ActiveCfg = Debug|Any CPU
		{5B71BAA4-3458-4BE7-9C6B-B115FDBF1024}.Ad-Hoc|iPhone.Build.0 = Debug|Any CPU
		{5B71BAA4-3458-4BE7-9C6B-B115FDBF1024}.Ad-Hoc|iPhoneSimulator.ActiveCfg = Debug|Any CPU
		{5B71BAA4-3458-4BE7-9C6B-B115FDBF1024}.Ad-Hoc|iPhoneSimulator.Build.0 = Debug|Any CPU
		{5B71BAA4-3458-4BE7-9C6B-B115FDBF1024}.AppStore|Any CPU.ActiveCfg = Debug|Any CPU
		{5B71BAA4-3458-4BE7-9C6B-B115FDBF1024}.AppStore|Any CPU.Build.0 = Debug|Any CPU
		{5B71BAA4-3458-4BE7-9C6B-B115FDBF1024}.AppStore|iPhone.ActiveCfg = Debug|Any CPU
		{5B71BAA4-3458-4BE7-9C6B-B115FDBF1024}.AppStore|iPhone.Build.0 = Debug|Any CPU
		{5B71BAA4-3458-4BE7-9C6B-B115FDBF1024}.AppStore|iPhoneSimulator.ActiveCfg = Debug|Any CPU
		{5B71BAA4-3458-4BE7-9C6B-B115FDBF1024}.AppStore|iPhoneSimulator.Build.0 = Debug|Any CPU
		{5B71BAA4-3458-4BE7-9C6B-B115FDBF1024}.Debug|Any CPU.ActiveCfg = Debug|Any CPU
		{5B71BAA4-3458-4BE7-9C6B-B115FDBF1024}.Debug|Any CPU.Build.0 = Debug|Any CPU
		{5B71BAA4-3458-4BE7-9C6B-B115FDBF1024}.Debug|iPhone.ActiveCfg = Debug|Any CPU
		{5B71BAA4-3458-4BE7-9C6B-B115FDBF1024}.Debug|iPhone.Build.0 = Debug|Any CPU
		{5B71BAA4-3458-4BE7-9C6B-B115FDBF1024}.Debug|iPhoneSimulator.ActiveCfg = Debug|Any CPU
		{5B71BAA4-3458-4BE7-9C6B-B115FDBF1024}.Debug|iPhoneSimulator.Build.0 = Debug|Any CPU
		{5B71BAA4-3458-4BE7-9C6B-B115FDBF1024}.Release|Any CPU.ActiveCfg = Release|Any CPU
		{5B71BAA4-3458-4BE7-9C6B-B115FDBF1024}.Release|Any CPU.Build.0 = Release|Any CPU
		{5B71BAA4-3458-4BE7-9C6B-B115FDBF1024}.Release|iPhone.ActiveCfg = Release|Any CPU
		{5B71BAA4-3458-4BE7-9C6B-B115FDBF1024}.Release|iPhone.Build.0 = Release|Any CPU
		{5B71BAA4-3458-4BE7-9C6B-B115FDBF1024}.Release|iPhoneSimulator.ActiveCfg = Release|Any CPU
		{5B71BAA4-3458-4BE7-9C6B-B115FDBF1024}.Release|iPhoneSimulator.Build.0 = Release|Any CPU
	EndGlobalSection
	GlobalSection(SolutionProperties) = preSolution
		HideSolutionNode = FALSE
	EndGlobalSection
	GlobalSection(ExtensibilityGlobals) = postSolution
		SolutionGuid = {CC5C8132-1B1C-453E-84CB-9940A05ABCFD}
	EndGlobalSection
EndGlobal
